
Microsoft Visual Studio Solution File, Format Version 12.00
# Visual Studio Version 17
VisualStudioVersion = 17.9.34902.65
MinimumVisualStudioVersion = 10.0.40219.1
Project("{2150E333-8FDC-42A3-9474-1A3956D46DE8}") = "Solution Items", "Solution Items", "{3164D7DC-935A-40D8-85C1-5781955D5E9D}"
	ProjectSection(SolutionItems) = preProject
		README.md = README.md
	EndProjectSection
EndProject
Project("{FAE04EC0-301F-11D3-BF4B-00C04F79EFBC}") = "EmailValidation", "EmailValidation\EmailValidation.csproj", "{AA3118BB-8E3F-4535-B26E-5766A2F6B08F}"
EndProject
Project("{FAE04EC0-301F-11D3-BF4B-00C04F79EFBC}") = "CurrencyExchange", "CurrencyExchange\CurrencyExchange.csproj", "{F1FA8F76-06BF-4E83-8BFA-4C98AD02DFCA}"
EndProject
Project("{FAE04EC0-301F-11D3-BF4B-00C04F79EFBC}") = "BinaryOnes", "BinaryOnes\BinaryOnes.csproj", "{C00E588E-252B-47F3-B6DF-DC34FD726B1F}"
EndProject
Global
	GlobalSection(SolutionConfigurationPlatforms) = preSolution
		Debug|Any CPU = Debug|Any CPU
		Release|Any CPU = Release|Any CPU
	EndGlobalSection
	GlobalSection(ProjectConfigurationPlatforms) = postSolution
		{AA3118BB-8E3F-4535-B26E-5766A2F6B08F}.Debug|Any CPU.ActiveCfg = Debug|Any CPU
		{AA3118BB-8E3F-4535-B26E-5766A2F6B08F}.Debug|Any CPU.Build.0 = Debug|Any CPU
		{AA3118BB-8E3F-4535-B26E-5766A2F6B08F}.Release|Any CPU.ActiveCfg = Release|Any CPU
		{AA3118BB-8E3F-4535-B26E-5766A2F6B08F}.Release|Any CPU.Build.0 = Release|Any CPU
		{F1FA8F76-06BF-4E83-8BFA-4C98AD02DFCA}.Debug|Any CPU.ActiveCfg = Debug|Any CPU
		{F1FA8F76-06BF-4E83-8BFA-4C98AD02DFCA}.Debug|Any CPU.Build.0 = Debug|Any CPU
		{F1FA8F76-06BF-4E83-8BFA-4C98AD02DFCA}.Release|Any CPU.ActiveCfg = Release|Any CPU
		{F1FA8F76-06BF-4E83-8BFA-4C98AD02DFCA}.Release|Any CPU.Build.0 = Release|Any CPU
		{C00E588E-252B-47F3-B6DF-DC34FD726B1F}.Debug|Any CPU.ActiveCfg = Debug|Any CPU
		{C00E588E-252B-47F3-B6DF-DC34FD726B1F}.Debug|Any CPU.Build.0 = Debug|Any CPU
		{C00E588E-252B-47F3-B6DF-DC34FD726B1F}.Release|Any CPU.ActiveCfg = Release|Any CPU
		{C00E588E-252B-47F3-B6DF-DC34FD726B1F}.Release|Any CPU.Build.0 = Release|Any CPU
	EndGlobalSection
	GlobalSection(SolutionProperties) = preSolution
		HideSolutionNode = FALSE
	EndGlobalSection
	GlobalSection(ExtensibilityGlobals) = postSolution
		SolutionGuid = {B60CF825-D99A-4FDD-88C9-8D64E391D7C4}
	EndGlobalSection
EndGlobal
